
Microsoft Visual Studio Solution File, Format Version 12.00
# Visual Studio Version 16
VisualStudioVersion = 16.0.30114.105
MinimumVisualStudioVersion = 10.0.40219.1
Project("{FAE04EC0-301F-11D3-BF4B-00C04F79EFBC}") = "Fourier", "Fourier.csproj", "{07A0EE33-2DCB-4C57-AA54-B8984ADE6DC4}"
EndProject
Global
	GlobalSection(SolutionConfigurationPlatforms) = preSolution
		Debug|Any CPU = Debug|Any CPU
		Release|Any CPU = Release|Any CPU
	EndGlobalSection
	GlobalSection(ProjectConfigurationPlatforms) = postSolution
		{07A0EE33-2DCB-4C57-AA54-B8984ADE6DC4}.Debug|Any CPU.ActiveCfg = Debug|Any CPU
		{07A0EE33-2DCB-4C57-AA54-B8984ADE6DC4}.Debug|Any CPU.Build.0 = Debug|Any CPU
		{07A0EE33-2DCB-4C57-AA54-B8984ADE6DC4}.Release|Any CPU.ActiveCfg = Release|Any CPU
		{07A0EE33-2DCB-4C57-AA54-B8984ADE6DC4}.Release|Any CPU.Build.0 = Release|Any CPU
	EndGlobalSection
	GlobalSection(SolutionProperties) = preSolution
		HideSolutionNode = FALSE
	EndGlobalSection
	GlobalSection(ExtensibilityGlobals) = postSolution
		SolutionGuid = {112E0F1D-4983-42A4-958B-63A976B9939A}
	EndGlobalSection
EndGlobal
